
Microsoft Visual Studio Solution File, Format Version 12.00
# Visual Studio Version 16
VisualStudioVersion = 16.0.32002.261
MinimumVisualStudioVersion = 10.0.40219.1
Project("{FAE04EC0-301F-11D3-BF4B-00C04F79EFBC}") = "NotifyAPI", "NotifyAPI\NotifyAPI.csproj", "{49BD5C1B-94DF-4B96-B035-322EB9F0E4A1}"
EndProject
Project("{FAE04EC0-301F-11D3-BF4B-00C04F79EFBC}") = "NotifyDB", "NotifyDB\NotifyDB.csproj", "{5A98610B-DE20-4627-9489-250FF730CB86}"
EndProject
Global
	GlobalSection(SolutionConfigurationPlatforms) = preSolution
		Debug|Any CPU = Debug|Any CPU
		Release|Any CPU = Release|Any CPU
	EndGlobalSection
	GlobalSection(ProjectConfigurationPlatforms) = postSolution
		{49BD5C1B-94DF-4B96-B035-322EB9F0E4A1}.Debug|Any CPU.ActiveCfg = Debug|Any CPU
		{49BD5C1B-94DF-4B96-B035-322EB9F0E4A1}.Debug|Any CPU.Build.0 = Debug|Any CPU
		{49BD5C1B-94DF-4B96-B035-322EB9F0E4A1}.Release|Any CPU.ActiveCfg = Release|Any CPU
		{49BD5C1B-94DF-4B96-B035-322EB9F0E4A1}.Release|Any CPU.Build.0 = Release|Any CPU
		{5A98610B-DE20-4627-9489-250FF730CB86}.Debug|Any CPU.ActiveCfg = Debug|Any CPU
		{5A98610B-DE20-4627-9489-250FF730CB86}.Debug|Any CPU.Build.0 = Debug|Any CPU
		{5A98610B-DE20-4627-9489-250FF730CB86}.Release|Any CPU.ActiveCfg = Release|Any CPU
		{5A98610B-DE20-4627-9489-250FF730CB86}.Release|Any CPU.Build.0 = Release|Any CPU
	EndGlobalSection
	GlobalSection(SolutionProperties) = preSolution
		HideSolutionNode = FALSE
	EndGlobalSection
	GlobalSection(ExtensibilityGlobals) = postSolution
		SolutionGuid = {87704B5D-CBB0-4C8A-9B12-4803C87EF597}
	EndGlobalSection
EndGlobal
